// !$*UTF8*$!
{
	archiveVersion = 1;
	classes = {
	};
	objectVersion = 46;
	objects = {

/* Begin PBXBuildFile section */
		48F1A8CD1F500FD000BD3ED8 /* main.m in Sources */ = {isa = PBXBuildFile; fileRef = 48F1A8CC1F500FD000BD3ED8 /* main.m */; };
		48F1A8D01F500FD000BD3ED8 /* AppDelegate.m in Sources */ = {isa = PBXBuildFile; fileRef = 48F1A8CF1F500FD000BD3ED8 /* AppDelegate.m */; };
		48F1A8D31F500FD000BD3ED8 /* ViewController.m in Sources */ = {isa = PBXBuildFile; fileRef = 48F1A8D21F500FD000BD3ED8 /* ViewController.m */; };
		48F1A8D61F500FD000BD3ED8 /* Main.storyboard in Resources */ = {isa = PBXBuildFile; fileRef = 48F1A8D41F500FD000BD3ED8 /* Main.storyboard */; };
		48F1A8D81F500FD000BD3ED8 /* Assets.xcassets in Resources */ = {isa = PBXBuildFile; fileRef = 48F1A8D71F500FD000BD3ED8 /* Assets.xcassets */; };
		48F1A8DB1F500FD000BD3ED8 /* LaunchScreen.storyboard in Resources */ = {isa = PBXBuildFile; fileRef = 48F1A8D91F500FD000BD3ED8 /* LaunchScreen.storyboard */; };
		48F1A8E51F5010E200BD3ED8 /* YXKeyboardView.m in Sources */ = {isa = PBXBuildFile; fileRef = 48F1A8E41F5010E200BD3ED8 /* YXKeyboardView.m */; };
/* End PBXBuildFile section */

/* Begin PBXFileReference section */
		48F1A8C81F500FD000BD3ED8 /* YXKeyboard.app */ = {isa = PBXFileReference; explicitFileType = wrapper.application; includeInIndex = 0; path = YXKeyboard.app; sourceTree = BUILT_PRODUCTS_DIR; };
		48F1A8CC1F500FD000BD3ED8 /* main.m */ = {isa = PBXFileReference; lastKnownFileType = sourcecode.c.objc; path = main.m; sourceTree = "<group>"; };
		48F1A8CE1F500FD000BD3ED8 /* AppDelegate.h */ = {isa = PBXFileReference; lastKnownFileType = sourcecode.c.h; path = AppDelegate.h; sourceTree = "<group>"; };
		48F1A8CF1F500FD000BD3ED8 /* AppDelegate.m */ = {isa = PBXFileReference; lastKnownFileType = sourcecode.c.objc; path = AppDelegate.m; sourceTree = "<group>"; };
		48F1A8D11F500FD000BD3ED8 /* ViewController.h */ = {isa = PBXFileReference; lastKnownFileType = sourcecode.c.h; path = ViewController.h; sourceTree = "<group>"; };
		48F1A8D21F500FD000BD3ED8 /* ViewController.m */ = {isa = PBXFileReference; lastKnownFileType = sourcecode.c.objc; path = ViewController.m; sourceTree = "<group>"; };
		48F1A8D51F500FD000BD3ED8 /* Base */ = {isa = PBXFileReference; lastKnownFileType = file.storyboard; name = Base; path = Base.lproj/Main.storyboard; sourceTree = "<group>"; };
		48F1A8D71F500FD000BD3ED8 /* Assets.xcassets */ = {isa = PBXFileReference; lastKnownFileType = folder.assetcatalog; path = Assets.xcassets; sourceTree = "<group>"; };
		48F1A8DA1F500FD000BD3ED8 /* Base */ = {isa = PBXFileReference; lastKnownFileType = file.storyboard; name = Base; path = Base.lproj/LaunchScreen.storyboard; sourceTree = "<group>"; };
		48F1A8DC1F500FD000BD3ED8 /* Info.plist */ = {isa = PBXFileReference; lastKnownFileType = text.plist.xml; path = Info.plist; sourceTree = "<group>"; };
		48F1A8E31F5010E200BD3ED8 /* YXKeyboardView.h */ = {isa = PBXFileReference; fileEncoding = 4; lastKnownFileType = sourcecode.c.h; path = YXKeyboardView.h; sourceTree = "<group>"; };
		48F1A8E41F5010E200BD3ED8 /* YXKeyboardView.m */ = {isa = PBXFileReference; fileEncoding = 4; lastKnownFileType = sourcecode.c.objc; path = YXKeyboardView.m; sourceTree = "<group>"; };
/* End PBXFileReference section */

/* Begin PBXFrameworksBuildPhase section */
		48F1A8C51F500FD000BD3ED8 /* Frameworks */ = {
			isa = PBXFrameworksBuildPhase;
			buildActionMask = 2147483647;
			files = (
			);
			runOnlyForDeploymentPostprocessing = 0;
		};
/* End PBXFrameworksBuildPhase section */

/* Begin PBXGroup section */
		48F1A8BF1F500FD000BD3ED8 = {
			isa = PBXGroup;
			children = (
				48F1A8CA1F500FD000BD3ED8 /* YXKeyboard */,
				48F1A8C91F500FD000BD3ED8 /* Products */,
			);
			sourceTree = "<group>";
		};
		48F1A8C91F500FD000BD3ED8 /* Products */ = {
			isa = PBXGroup;
			children = (
				48F1A8C81F500FD000BD3ED8 /* YXKeyboard.app */,
			);
			name = Products;
			sourceTree = "<group>";
		};
		48F1A8CA1F500FD000BD3ED8 /* YXKeyboard */ = {
			isa = PBXGroup;
			children = (
				48F1A8E21F50109D00BD3ED8 /* YXKeyboardView */,
				48F1A8CE1F500FD000BD3ED8 /* AppDelegate.h */,
				48F1A8CF1F500FD000BD3ED8 /* AppDelegate.m */,
				48F1A8D11F500FD000BD3ED8 /* ViewController.h */,
				48F1A8D21F500FD000BD3ED8 /* ViewController.m */,
				48F1A8D41F500FD000BD3ED8 /* Main.storyboard */,
				48F1A8D71F500FD000BD3ED8 /* Assets.xcassets */,
				48F1A8D91F500FD000BD3ED8 /* LaunchScreen.storyboard */,
				48F1A8DC1F500FD000BD3ED8 /* Info.plist */,
				48F1A8CB1F500FD000BD3ED8 /* Supporting Files */,
			);
			path = YXKeyboard;
			sourceTree = "<group>";
		};
		48F1A8CB1F500FD000BD3ED8 /* Supporting Files */ = {
			isa = PBXGroup;
			children = (
				48F1A8CC1F500FD000BD3ED8 /* main.m */,
			);
			name = "Supporting Files";
			sourceTree = "<group>";
		};
		48F1A8E21F50109D00BD3ED8 /* YXKeyboardView */ = {
			isa = PBXGroup;
			children = (
				48F1A8E31F5010E200BD3ED8 /* YXKeyboardView.h */,
				48F1A8E41F5010E200BD3ED8 /* YXKeyboardView.m */,
			);
			path = YXKeyboardView;
			sourceTree = "<group>";
		};
/* End PBXGroup section */

/* Begin PBXNativeTarget section */
		48F1A8C71F500FD000BD3ED8 /* YXKeyboard */ = {
			isa = PBXNativeTarget;
			buildConfigurationList = 48F1A8DF1F500FD000BD3ED8 /* Build configuration list for PBXNativeTarget "YXKeyboard" */;
			buildPhases = (
				48F1A8C41F500FD000BD3ED8 /* Sources */,
				48F1A8C51F500FD000BD3ED8 /* Frameworks */,
				48F1A8C61F500FD000BD3ED8 /* Resources */,
			);
			buildRules = (
			);
			dependencies = (
			);
			name = YXKeyboard;
			productName = YXKeyboard;
			productReference = 48F1A8C81F500FD000BD3ED8 /* YXKeyboard.app */;
			productType = "com.apple.product-type.application";
		};
/* End PBXNativeTarget section */

/* Begin PBXProject section */
		48F1A8C01F500FD000BD3ED8 /* Project object */ = {
			isa = PBXProject;
			attributes = {
				LastUpgradeCheck = 0830;
				ORGANIZATIONNAME = Louis;
				TargetAttributes = {
					48F1A8C71F500FD000BD3ED8 = {
						CreatedOnToolsVersion = 8.3.1;
						DevelopmentTeam = 8YC2YJDRHR;
						ProvisioningStyle = Automatic;
					};
				};
			};
			buildConfigurationList = 48F1A8C31F500FD000BD3ED8 /* Build configuration list for PBXProject "YXKeyboard" */;
			compatibilityVersion = "Xcode 3.2";
			developmentRegion = English;
			hasScannedForEncodings = 0;
			knownRegions = (
				en,
				Base,
			);
			mainGroup = 48F1A8BF1F500FD000BD3ED8;
			productRefGroup = 48F1A8C91F500FD000BD3ED8 /* Products */;
			projectDirPath = "";
			projectRoot = "";
			targets = (
				48F1A8C71F500FD000BD3ED8 /* YXKeyboard */,
			);
		};
/* End PBXProject section */

/* Begin PBXResourcesBuildPhase section */
		48F1A8C61F500FD000BD3ED8 /* Resources */ = {
			isa = PBXResourcesBuildPhase;
			buildActionMask = 2147483647;
			files = (
				48F1A8DB1F500FD000BD3ED8 /* LaunchScreen.storyboard in Resources */,
				48F1A8D81F500FD000BD3ED8 /* Assets.xcassets in Resources */,
				48F1A8D61F500FD000BD3ED8 /* Main.storyboard in Resources */,
			);
			runOnlyForDeploymentPostprocessing = 0;
		};
/* End PBXResourcesBuildPhase section */

/* Begin PBXSourcesBuildPhase section */
		48F1A8C41F500FD000BD3ED8 /* Sources */ = {
			isa = PBXSourcesBuildPhase;
			buildActionMask = 2147483647;
			files = (
				48F1A8E51F5010E200BD3ED8 /* YXKeyboardView.m in Sources */,
				48F1A8D31F500FD000BD3ED8 /* ViewController.m in Sources */,
				48F1A8D01F500FD000BD3ED8 /* AppDelegate.m in Sources */,
				48F1A8CD1F500FD000BD3ED8 /* main.m in Sources */,
			);
			runOnlyForDeploymentPostprocessing = 0;
		};
/* End PBXSourcesBuildPhase section */

/* Begin PBXVariantGroup section */
		48F1A8D41F500FD000BD3ED8 /* Main.storyboard */ = {
			isa = PBXVariantGroup;
			children = (
				48F1A8D51F500FD000BD3ED8 /* Base */,
			);
			name = Main.storyboard;
			sourceTree = "<group>";
		};
		48F1A8D91F500FD000BD3ED8 /* LaunchScreen.storyboard */ = {
			isa = PBXVariantGroup;
			children = (
				48F1A8DA1F500FD000BD3ED8 /* Base */,
			);
			name = LaunchScreen.storyboard;
			sourceTree = "<group>";
		};
/* End PBXVariantGroup section */

/* Begin XCBuildConfiguration section */
		48F1A8DD1F500FD000BD3ED8 /* Debug */ = {
			isa = XCBuildConfiguration;
			buildSettings = {
				ALWAYS_SEARCH_USER_PATHS = NO;
				CLANG_ANALYZER_NONNULL = YES;
				CLANG_ANALYZER_NUMBER_OBJECT_CONVERSION = YES_AGGRESSIVE;
				CLANG_CXX_LANGUAGE_STANDARD = "gnu++0x";
				CLANG_CXX_LIBRARY = "libc++";
				CLANG_ENABLE_MODULES = YES;
				CLANG_ENABLE_OBJC_ARC = YES;
				CLANG_WARN_BOOL_CONVERSION = YES;
				CLANG_WARN_CONSTANT_CONVERSION = YES;
				CLANG_WARN_DIRECT_OBJC_ISA_USAGE = YES_ERROR;
				CLANG_WARN_DOCUMENTATION_COMMENTS = YES;
				CLANG_WARN_EMPTY_BODY = YES;
				CLANG_WARN_ENUM_CONVERSION = YES;
				CLANG_WARN_INFINITE_RECURSION = YES;
				CLANG_WARN_INT_CONVERSION = YES;
				CLANG_WARN_OBJC_ROOT_CLASS = YES_ERROR;
				CLANG_WARN_SUSPICIOUS_MOVE = YES;
				CLANG_WARN_UNREACHABLE_CODE = YES;
				CLANG_WARN__DUPLICATE_METHOD_MATCH = YES;
				"CODE_SIGN_IDENTITY[sdk=iphoneos*]" = "iPhone Developer";
				COPY_PHASE_STRIP = NO;
				DEBUG_INFORMATION_FORMAT = dwarf;
				ENABLE_STRICT_OBJC_MSGSEND = YES;
				ENABLE_TESTABILITY = YES;
				GCC_C_LANGUAGE_STANDARD = gnu99;
				GCC_DYNAMIC_NO_PIC = NO;
				GCC_NO_COMMON_BLOCKS = YES;
				GCC_OPTIMIZATION_LEVEL = 0;
				GCC_PREPROCESSOR_DEFINITIONS = (
					"DEBUG=1",
					"$(inherited)",
				);
				GCC_WARN_64_TO_32_BIT_CONVERSION = YES;
				GCC_WARN_ABOUT_RETURN_TYPE = YES_ERROR;
				GCC_WARN_UNDECLARED_SELECTOR = YES;
				GCC_WARN_UNINITIALIZED_AUTOS = YES_AGGRESSIVE;
				GCC_WARN_UNUSED_FUNCTION = YES;
				GCC_WARN_UNUSED_VARIABLE = YES;
				IPHONEOS_DEPLOYMENT_TARGET = 10.3;
				MTL_ENABLE_DEBUG_INFO = YES;
				ONLY_ACTIVE_ARCH = YES;
				SDKROOT = iphoneos;
				TARGETED_DEVICE_FAMILY = "1,2";
			};
			name = Debug;
		};
		48F1A8DE1F500FD000BD3ED8 /* Release */ = {
			isa = XCBuildConfiguration;
			buildSettings = {
				ALWAYS_SEARCH_USER_PATHS = NO;
				CLANG_ANALYZER_NONNULL = YES;
				CLANG_ANALYZER_NUMBER_OBJECT_CONVERSION = YES_AGGRESSIVE;
				CLANG_CXX_LANGUAGE_STANDARD = "gnu++0x";
				CLANG_CXX_LIBRARY = "libc++";
				CLANG_ENABLE_MODULES = YES;
				CLANG_ENABLE_OBJC_ARC = YES;
				CLANG_WARN_BOOL_CONVERSION = YES;
				CLANG_WARN_CONSTANT_CONVERSION = YES;
				CLANG_WARN_DIRECT_OBJC_ISA_USAGE = YES_ERROR;
				CLANG_WARN_DOCUMENTATION_COMMENTS = YES;
				CLANG_WARN_EMPTY_BODY = YES;
				CLANG_WARN_ENUM_CONVERSION = YES;
				CLANG_WARN_INFINITE_RECURSION = YES;
				CLANG_WARN_INT_CONVERSION = YES;
				CLANG_WARN_OBJC_ROOT_CLASS = YES_ERROR;
				CLANG_WARN_SUSPICIOUS_MOVE = YES;
				CLANG_WARN_UNREACHABLE_CODE = YES;
				CLANG_WARN__DUPLICATE_METHOD_MATCH = YES;
				"CODE_SIGN_IDENTITY[sdk=iphoneos*]" = "iPhone Developer";
				COPY_PHASE_STRIP = NO;
				DEBUG_INFORMATION_FORMAT = "dwarf-with-dsym";
				ENABLE_NS_ASSERTIONS = NO;
				ENABLE_STRICT_OBJC_MSGSEND = YES;
				GCC_C_LANGUAGE_STANDARD = gnu99;
				GCC_NO_COMMON_BLOCKS = YES;
				GCC_WARN_64_TO_32_BIT_CONVERSION = YES;
				GCC_WARN_ABOUT_RETURN_TYPE = YES_ERROR;
				GCC_WARN_UNDECLARED_SELECTOR = YES;
				GCC_WARN_UNINITIALIZED_AUTOS = YES_AGGRESSIVE;
				GCC_WARN_UNUSED_FUNCTION = YES;
				GCC_WARN_UNUSED_VARIABLE = YES;
				IPHONEOS_DEPLOYMENT_TARGET = 10.3;
				MTL_ENABLE_DEBUG_INFO = NO;
				SDKROOT = iphoneos;
				TARGETED_DEVICE_FAMILY = "1,2";
				VALIDATE_PRODUCT = YES;
			};
			name = Release;
		};
		48F1A8E01F500FD000BD3ED8 /* Debug */ = {
			isa = XCBuildConfiguration;
			buildSettings = {
				ASSETCATALOG_COMPILER_APPICON_NAME = AppIcon;
				DEVELOPMENT_TEAM = 8YC2YJDRHR;
				INFOPLIST_FILE = YXKeyboard/Info.plist;
				LD_RUNPATH_SEARCH_PATHS = "$(inherited) @executable_path/Frameworks";
				PRODUCT_BUNDLE_IDENTIFIER = Louis.YXKeyboard;
				PRODUCT_NAME = "$(TARGET_NAME)";
			};
			name = Debug;
		};
		48F1A8E11F500FD000BD3ED8 /* Release */ = {
			isa = XCBuildConfiguration;
			buildSettings = {
				ASSETCATALOG_COMPILER_APPICON_NAME = AppIcon;
				DEVELOPMENT_TEAM = 8YC2YJDRHR;
				INFOPLIST_FILE = YXKeyboard/Info.plist;
				LD_RUNPATH_SEARCH_PATHS = "$(inherited) @executable_path/Frameworks";
				PRODUCT_BUNDLE_IDENTIFIER = Louis.YXKeyboard;
				PRODUCT_NAME = "$(TARGET_NAME)";
			};
			name = Release;
		};
/* End XCBuildConfiguration section */

/* Begin XCConfigurationList section */
		48F1A8C31F500FD000BD3ED8 /* Build configuration list for PBXProject "YXKeyboard" */ = {
			isa = XCConfigurationList;
			buildConfigurations = (
				48F1A8DD1F500FD000BD3ED8 /* Debug */,
				48F1A8DE1F500FD000BD3ED8 /* Release */,
			);
			defaultConfigurationIsVisible = 0;
			defaultConfigurationName = Release;
		};
		48F1A8DF1F500FD000BD3ED8 /* Build configuration list for PBXNativeTarget "YXKeyboard" */ = {
			isa = XCConfigurationList;
			buildConfigurations = (
				48F1A8E01F500FD000BD3ED8 /* Debug */,
				48F1A8E11F500FD000BD3ED8 /* Release */,
			);
			defaultConfigurationIsVisible = 0;
			defaultConfigurationName = Release;
		};
/* End XCConfigurationList section */
	};
	rootObject = 48F1A8C01F500FD000BD3ED8 /* Project object */;
}
